
Microsoft Visual Studio Solution File, Format Version 12.00
# Visual Studio Version 16
VisualStudioVersion = 16.0.810.7
MinimumVisualStudioVersion = 10.0.40219.1
Project("{FAE04EC0-301F-11D3-BF4B-00C04F79EFBC}") = "SoloLearnAssignment", "SoloLearnAssignment\SoloLearnAssignment.csproj", "{FB0BB4F8-A6F2-4E22-AB6C-94853647BA17}"
EndProject
Global
	GlobalSection(SolutionConfigurationPlatforms) = preSolution
		Debug|Any CPU = Debug|Any CPU
		Release|Any CPU = Release|Any CPU
	EndGlobalSection
	GlobalSection(ProjectConfigurationPlatforms) = postSolution
		{FB0BB4F8-A6F2-4E22-AB6C-94853647BA17}.Debug|Any CPU.ActiveCfg = Debug|Any CPU
		{FB0BB4F8-A6F2-4E22-AB6C-94853647BA17}.Debug|Any CPU.Build.0 = Debug|Any CPU
		{FB0BB4F8-A6F2-4E22-AB6C-94853647BA17}.Release|Any CPU.ActiveCfg = Release|Any CPU
		{FB0BB4F8-A6F2-4E22-AB6C-94853647BA17}.Release|Any CPU.Build.0 = Release|Any CPU
	EndGlobalSection
	GlobalSection(SolutionProperties) = preSolution
		HideSolutionNode = FALSE
	EndGlobalSection
	GlobalSection(ExtensibilityGlobals) = postSolution
		SolutionGuid = {BFE811EF-8489-49A3-A546-D1CF242F97F6}
	EndGlobalSection
EndGlobal
